Microsoft Visual Studio Solution File, Format Version 11.00
# Visual Studio 2010
Project("{FAE04EC0-301F-11D3-BF4B-00C04F79EFBC}") = "Assembly-CSharp-firstpass", "Assembly-CSharp-firstpass.csproj", "{1843CB27-5A69-A23B-C274-71D3E58D59C0}"
EndProject
Project("{FAE04EC0-301F-11D3-BF4B-00C04F79EFBC}") = "Assembly-CSharp", "Assembly-CSharp.csproj", "{898B5C8B-F306-C184-3727-29B21AD0F78B}"
EndProject
Project("{FAE04EC0-301F-11D3-BF4B-00C04F79EFBC}") = "Assembly-CSharp-Editor-firstpass", "Assembly-CSharp-Editor-firstpass.csproj", "{14BC397C-B3C4-0105-D40A-AD5C831C1969}"
EndProject
Global
	GlobalSection(SolutionConfigurationPlatforms) = preSolution
		Debug|Any CPU = Debug|Any CPU
		Release|Any CPU = Release|Any CPU
	EndGlobalSection
	GlobalSection(ProjectConfigurationPlatforms) = postSolution
		{1843CB27-5A69-A23B-C274-71D3E58D59C0}.Debug|Any CPU.ActiveCfg = Debug|Any CPU
		{1843CB27-5A69-A23B-C274-71D3E58D59C0}.Debug|Any CPU.Build.0 = Debug|Any CPU
		{1843CB27-5A69-A23B-C274-71D3E58D59C0}.Release|Any CPU.ActiveCfg = Release|Any CPU
		{1843CB27-5A69-A23B-C274-71D3E58D59C0}.Release|Any CPU.Build.0 = Release|Any CPU
		{898B5C8B-F306-C184-3727-29B21AD0F78B}.Debug|Any CPU.ActiveCfg = Debug|Any CPU
		{898B5C8B-F306-C184-3727-29B21AD0F78B}.Debug|Any CPU.Build.0 = Debug|Any CPU
		{898B5C8B-F306-C184-3727-29B21AD0F78B}.Release|Any CPU.ActiveCfg = Release|Any CPU
		{898B5C8B-F306-C184-3727-29B21AD0F78B}.Release|Any CPU.Build.0 = Release|Any CPU
		{14BC397C-B3C4-0105-D40A-AD5C831C1969}.Debug|Any CPU.ActiveCfg = Debug|Any CPU
		{14BC397C-B3C4-0105-D40A-AD5C831C1969}.Debug|Any CPU.Build.0 = Debug|Any CPU
		{14BC397C-B3C4-0105-D40A-AD5C831C1969}.Release|Any CPU.ActiveCfg = Release|Any CPU
		{14BC397C-B3C4-0105-D40A-AD5C831C1969}.Release|Any CPU.Build.0 = Release|Any CPU
	EndGlobalSection
	GlobalSection(SolutionProperties) = preSolution
		HideSolutionNode = FALSE
	EndGlobalSection
	GlobalSection(MonoDevelopProperties) = preSolution
		StartupItem = Assembly-CSharp.csproj
	EndGlobalSection
EndGlobal
